version = 1
revision = 3
requires-python = ">=3.8"
resolution-markers = [
    "python_full_version >= '3.9'",
    "python_full_version < '3.9'",
]

[[package]]
name = "catchers"
source = { editable = "." }
dependencies = [
    { name = "polars", version = "1.8.2", source = { registry = "https://pypi.org/simple" }, marker = "python_full_version < '3.9'" },
    { name = "polars", version = "1.36.1", source = { registry = "https://pypi.org/simple" }, marker = "python_full_version >= '3.9'" },
]

[package.metadata]
requires-dist = [{ name = "polars", specifier = ">=1.8.2" }]

[[package]]
name = "polars"
version = "1.8.2"
source = { registry = "https://pypi.org/simple" }
resolution-markers = [
    "python_full_version < '3.9'",
]
sdist = { url = "https://files.pythonhosted.org/packages/3d/75/2196c26fe049ecce55a0fa87b22ab3d9477bc9bab38116ed04854fc65ecb/polars-1.8.2.tar.gz", hash = "sha256:42f69277d5be2833b0b826af5e75dcf430222d65c9633872856e176a0bed27a0", size = 4010537, upload-time = "2024-09-24T20:10:15.547Z" }
wheels = [
    { url = "https://files.pythonhosted.org/packages/b5/8b/6829e22a0f4c6e754c2e2b5d81025ab14d7b214018119762f52bad7325aa/polars-1.8.2-cp38-abi3-macosx_10_12_x86_64.whl", hash = "sha256:114be1ebfb051b794fb9e1f15999430c79cc0824595e237d3f45632be3e56d73", size = 31165933, upload-time = "2024-09-24T20:09:21.37Z" },
    { url = "https://files.pythonhosted.org/packages/8f/cd/5d6b837f42c1b6d87012beca940a075e450a352ab717a649000c2ec57d71/polars-1.8.2-cp38-abi3-macosx_11_0_arm64.whl", hash = "sha256:e4fc36cfe48972d4c5be21a7cb119d6378fb7af0bb3eeb61456b66a1f43228e3", size = 27488552, upload-time = "2024-09-24T20:09:25.313Z" },
    { url = "https://files.pythonhosted.org/packages/a7/f3/c317b1bc6759d1ec343c25d5ebd376a07a2e1fd2bd04fdc07ce6b2a855c4/polars-1.8.2-cp38-abi3-manylinux_2_17_x86_64.manylinux2014_x86_64.whl", hash = "sha256:67c1e448d6e38697650b22dd359f13c40b567c0b66686c8602e4367400e87801", size = 32548666, upload-time = "2024-09-24T20:09:28.469Z" },
    { url = "https://files.pythonhosted.org/packages/1d/df/5ccf44218728caecda9f555879b40fe4ab34ff629c81b9117a1107437fdc/polars-1.8.2-cp38-abi3-manylinux_2_24_aarch64.whl", hash = "sha256:570ee86b033dc5a6dbe2cb0df48522301642f304dda3da48f53d7488899a2206", size = 29187225, upload-time = "2024-09-24T20:09:32.1Z" },
    { url = "https://files.pythonhosted.org/packages/9c/45/77e4fda23368907c06bf70fc722de28d442c5087bbc8a60c29b8396750ea/polars-1.8.2-cp38-abi3-win_amd64.whl", hash = "sha256:ce1a1c1e2150ffcc44a5f1c461d738e1dcd95abbd0f210af0271c7ac0c9f7ef9", size = 32394690, upload-time = "2024-09-24T20:09:35.278Z" },
]

[[package]]
name = "polars"
version = "1.36.1"
source = { registry = "https://pypi.org/simple" }
resolution-markers = [
    "python_full_version >= '3.9'",
]
dependencies = [
    { name = "polars-runtime-32", marker = "python_full_version >= '3.9'" },
]
sdist = { url = "https://files.pythonhosted.org/packages/9f/dc/56f2a90c79a2cb13f9e956eab6385effe54216ae7a2068b3a6406bae4345/polars-1.36.1.tar.gz", hash = "sha256:12c7616a2305559144711ab73eaa18814f7aa898c522e7645014b68f1432d54c", size = 711993, upload-time = "2025-12-10T01:14:53.033Z" }
wheels = [
    { url = "https://files.pythonhosted.org/packages/f6/c6/36a1b874036b49893ecae0ac44a2f63d1a76e6212631a5b2f50a86e0e8af/polars-1.36.1-py3-none-any.whl", hash = "sha256:853c1bbb237add6a5f6d133c15094a9b727d66dd6a4eb91dbb07cdb056b2b8ef", size = 802429, upload-time = "2025-12-10T01:13:53.838Z" },
]

[[package]]
name = "polars-runtime-32"
version = "1.36.1"
source = { registry = "https://pypi.org/simple" }
sdist = { url = "https://files.pythonhosted.org/packages/31/df/597c0ef5eb8d761a16d72327846599b57c5d40d7f9e74306fc154aba8c37/polars_runtime_32-1.36.1.tar.gz", hash = "sha256:201c2cfd80ceb5d5cd7b63085b5fd08d6ae6554f922bcb941035e39638528a09", size = 2788751, upload-time = "2025-12-10T01:14:54.172Z" }
wheels = [
    { url = "https://files.pythonhosted.org/packages/e1/ea/871129a2d296966c0925b078a9a93c6c5e7facb1c5eebfcd3d5811aeddc1/polars_runtime_32-1.36.1-cp39-abi3-macosx_10_12_x86_64.whl", hash = "sha256:327b621ca82594f277751f7e23d4b939ebd1be18d54b4cdf7a2f8406cecc18b2", size = 43494311, upload-time = "2025-12-10T01:13:56.096Z" },
    { url = "https://files.pythonhosted.org/packages/d8/76/0038210ad1e526ce5bb2933b13760d6b986b3045eccc1338e661bd656f77/polars_runtime_32-1.36.1-cp39-abi3-macosx_11_0_arm64.whl", hash = "sha256:ab0d1f23084afee2b97de8c37aa3e02ec3569749ae39571bd89e7a8b11ae9e83", size = 39300602, upload-time = "2025-12-10T01:13:59.366Z" },
    { url = "https://files.pythonhosted.org/packages/54/1e/2707bee75a780a953a77a2c59829ee90ef55708f02fc4add761c579bf76e/polars_runtime_32-1.36.1-cp39-abi3-manylinux_2_17_x86_64.manylinux2014_x86_64.whl", hash = "sha256:899b9ad2e47ceb31eb157f27a09dbc2047efbf4969a923a6b1ba7f0412c3e64c", size = 44511780, upload-time = "2025-12-10T01:14:02.285Z" },
    { url = "https://files.pythonhosted.org/packages/11/b2/3fede95feee441be64b4bcb32444679a8fbb7a453a10251583053f6efe52/polars_runtime_32-1.36.1-cp39-abi3-manylinux_2_24_aarch64.whl", hash = "sha256:d9d077bb9df711bc635a86540df48242bb91975b353e53ef261c6fae6cb0948f", size = 40688448, upload-time = "2025-12-10T01:14:05.131Z" },
    { url = "https://files.pythonhosted.org/packages/05/0f/e629713a72999939b7b4bfdbf030a32794db588b04fdf3dc977dd8ea6c53/polars_runtime_32-1.36.1-cp39-abi3-win_amd64.whl", hash = "sha256:cc17101f28c9a169ff8b5b8d4977a3683cd403621841623825525f440b564cf0", size = 44464898, upload-time = "2025-12-10T01:14:08.296Z" },
    { url = "https://files.pythonhosted.org/packages/d1/d8/a12e6aa14f63784cead437083319ec7cece0d5bb9a5bfe7678cc6578b52a/polars_runtime_32-1.36.1-cp39-abi3-win_arm64.whl", hash = "sha256:809e73857be71250141225ddd5d2b30c97e6340aeaa0d445f930e01bef6888dc", size = 39798896, upload-time = "2025-12-10T01:14:11.568Z" },
]
